
Microsoft Visual Studio Solution File, Format Version 12.00
# Visual Studio 15
VisualStudioVersion = 15.0.28307.168
MinimumVisualStudioVersion = 10.0.40219.1
Project("{9A19103F-16F7-4668-BE54-9A1E7A4F7556}") = "NewMounterAccount", "NewMounterAccount\NewMounterAccount.csproj", "{B1DE653A-FE21-4576-92C2-4F52DF4CE183}"
EndProject
Global
	GlobalSection(SolutionConfigurationPlatforms) = preSolution
		Debug|Any CPU = Debug|Any CPU
		Release|Any CPU = Release|Any CPU
	EndGlobalSection
	GlobalSection(ProjectConfigurationPlatforms) = postSolution
		{B1DE653A-FE21-4576-92C2-4F52DF4CE183}.Debug|Any CPU.ActiveCfg = Debug|Any CPU
		{B1DE653A-FE21-4576-92C2-4F52DF4CE183}.Debug|Any CPU.Build.0 = Debug|Any CPU
		{B1DE653A-FE21-4576-92C2-4F52DF4CE183}.Release|Any CPU.ActiveCfg = Release|Any CPU
		{B1DE653A-FE21-4576-92C2-4F52DF4CE183}.Release|Any CPU.Build.0 = Release|Any CPU
	EndGlobalSection
	GlobalSection(SolutionProperties) = preSolution
		HideSolutionNode = FALSE
	EndGlobalSection
	GlobalSection(ExtensibilityGlobals) = postSolution
		SolutionGuid = {706E91C2-49E1-43F3-BB9A-1939413B8993}
	EndGlobalSection
EndGlobal
